
Microsoft Visual Studio Solution File, Format Version 12.00
# Visual Studio 2013
VisualStudioVersion = 12.0.31101.0
MinimumVisualStudioVersion = 10.0.40219.1
Project("{FAE04EC0-301F-11D3-BF4B-00C04F79EFBC}") = "WeddingRSVP", "WeddingRSVP\WeddingRSVP.csproj", "{B9614822-1EAF-4D33-8EAA-866ED09DD088}"
EndProject
Project("{2150E333-8FDC-42A3-9474-1A3956D46DE8}") = "PublishScripts", "PublishScripts", "{3343CEAA-B18A-41E1-8169-632DABCBCCCE}"
	ProjectSection(SolutionItems) = preProject
		PublishScripts\AzureWebsitePublishModule.psm1 = PublishScripts\AzureWebsitePublishModule.psm1
		PublishScripts\Publish-WebApplicationWebsite.ps1 = PublishScripts\Publish-WebApplicationWebsite.ps1
	EndProjectSection
EndProject
Project("{2150E333-8FDC-42A3-9474-1A3956D46DE8}") = "Configurations", "Configurations", "{DF1762E6-AC25-4D5D-BBBE-268E18147D3B}"
	ProjectSection(SolutionItems) = preProject
		PublishScripts\Configurations\WeddingRSVP-WAWS-dev.json = PublishScripts\Configurations\WeddingRSVP-WAWS-dev.json
	EndProjectSection
EndProject
Project("{FAE04EC0-301F-11D3-BF4B-00C04F79EFBC}") = "WeddingRSVP.Api", "WeddingRSVP.Api\WeddingRSVP.Api.csproj", "{EC38208A-D1D7-446A-8C4C-0DBBEEB9C9B0}"
EndProject
Global
	GlobalSection(SolutionConfigurationPlatforms) = preSolution
		Debug|Any CPU = Debug|Any CPU
		Release|Any CPU = Release|Any CPU
	EndGlobalSection
	GlobalSection(ProjectConfigurationPlatforms) = postSolution
		{B9614822-1EAF-4D33-8EAA-866ED09DD088}.Debug|Any CPU.ActiveCfg = Debug|Any CPU
		{B9614822-1EAF-4D33-8EAA-866ED09DD088}.Debug|Any CPU.Build.0 = Debug|Any CPU
		{B9614822-1EAF-4D33-8EAA-866ED09DD088}.Release|Any CPU.ActiveCfg = Release|Any CPU
		{B9614822-1EAF-4D33-8EAA-866ED09DD088}.Release|Any CPU.Build.0 = Release|Any CPU
		{EC38208A-D1D7-446A-8C4C-0DBBEEB9C9B0}.Debug|Any CPU.ActiveCfg = Debug|Any CPU
		{EC38208A-D1D7-446A-8C4C-0DBBEEB9C9B0}.Debug|Any CPU.Build.0 = Debug|Any CPU
		{EC38208A-D1D7-446A-8C4C-0DBBEEB9C9B0}.Release|Any CPU.ActiveCfg = Release|Any CPU
		{EC38208A-D1D7-446A-8C4C-0DBBEEB9C9B0}.Release|Any CPU.Build.0 = Release|Any CPU
	EndGlobalSection
	GlobalSection(SolutionProperties) = preSolution
		HideSolutionNode = FALSE
	EndGlobalSection
	GlobalSection(NestedProjects) = preSolution
		{DF1762E6-AC25-4D5D-BBBE-268E18147D3B} = {3343CEAA-B18A-41E1-8169-632DABCBCCCE}
		{EC38208A-D1D7-446A-8C4C-0DBBEEB9C9B0} = {3343CEAA-B18A-41E1-8169-632DABCBCCCE}
	EndGlobalSection
EndGlobal
